// !$*UTF8*$!
{
	archiveVersion = 1;
	classes = {
	};
	objectVersion = 46;
	objects = {

/* Begin PBXBuildFile section */
		B508EB7F1A0C4B27009075CC /* PTBStringExtenstion.swift in Sources */ = {isa = PBXBuildFile; fileRef = B508EB7E1A0C4B27009075CC /* PTBStringExtenstion.swift */; };
		B50B584C1A1ADBB100998EF4 /* PTBTableViewController.swift in Sources */ = {isa = PBXBuildFile; fileRef = B50B584B1A1ADBB100998EF4 /* PTBTableViewController.swift */; };
		B51FA2B81A22779E006B81C0 /* PTBUIAlertControllerExtension.swift in Sources */ = {isa = PBXBuildFile; fileRef = B51FA2B71A22779E006B81C0 /* PTBUIAlertControllerExtension.swift */; };
		B52251901A180E03006BB1CD /* PropertyDetailViewController.swift in Sources */ = {isa = PBXBuildFile; fileRef = B522518F1A180E03006BB1CD /* PropertyDetailViewController.swift */; };
		B54114E91A04FF3000A91BAD /* AppDelegate.swift in Sources */ = {isa = PBXBuildFile; fileRef = B54114E81A04FF3000A91BAD /* AppDelegate.swift */; };
		B54114F01A04FF3000A91BAD /* Images.xcassets in Resources */ = {isa = PBXBuildFile; fileRef = B54114EF1A04FF3000A91BAD /* Images.xcassets */; };
		B54114F31A04FF3000A91BAD /* LaunchScreen.xib in Resources */ = {isa = PBXBuildFile; fileRef = B54114F11A04FF3000A91BAD /* LaunchScreen.xib */; };
		B54114FF1A04FF3000A91BAD /* LandlordTests.swift in Sources */ = {isa = PBXBuildFile; fileRef = B54114FE1A04FF3000A91BAD /* LandlordTests.swift */; };
		B54D54C81A2CF06C007930A6 /* PTBErrors.swift in Sources */ = {isa = PBXBuildFile; fileRef = B54D54C71A2CF06C007930A6 /* PTBErrors.swift */; };
		B579BEC41A2D246800F8B4C1 /* SignUpViewController.swift in Sources */ = {isa = PBXBuildFile; fileRef = B579BEC31A2D246800F8B4C1 /* SignUpViewController.swift */; };
		B5B5650E1A23BA4D00A44BC8 /* TenantsTableViewController.swift in Sources */ = {isa = PBXBuildFile; fileRef = B5B5650D1A23BA4D00A44BC8 /* TenantsTableViewController.swift */; };
		B5BB6D3C1A0502D50060FEB7 /* Bolts.framework in Frameworks */ = {isa = PBXBuildFile; fileRef = B5BB6D3A1A0502D50060FEB7 /* Bolts.framework */; };
		B5BB6D3D1A0502D50060FEB7 /* Parse.framework in Frameworks */ = {isa = PBXBuildFile; fileRef = B5BB6D3B1A0502D50060FEB7 /* Parse.framework */; };
		B5BB6D3F1A0502EF0060FEB7 /* AudioToolbox.framework in Frameworks */ = {isa = PBXBuildFile; fileRef = B5BB6D3E1A0502EF0060FEB7 /* AudioToolbox.framework */; };
		B5BB6D411A0502FA0060FEB7 /* CFNetwork.framework in Frameworks */ = {isa = PBXBuildFile; fileRef = B5BB6D401A0502FA0060FEB7 /* CFNetwork.framework */; };
		B5BB6D441A0503050060FEB7 /* CoreGraphics.framework in Frameworks */ = {isa = PBXBuildFile; fileRef = B5BB6D421A0503050060FEB7 /* CoreGraphics.framework */; };
		B5BB6D451A0503050060FEB7 /* CoreLocation.framework in Frameworks */ = {isa = PBXBuildFile; fileRef = B5BB6D431A0503050060FEB7 /* CoreLocation.framework */; };
		B5BB6D471A05030C0060FEB7 /* libz.dylib in Frameworks */ = {isa = PBXBuildFile; fileRef = B5BB6D461A05030C0060FEB7 /* libz.dylib */; };
		B5BB6D491A0503140060FEB7 /* MobileCoreServices.framework in Frameworks */ = {isa = PBXBuildFile; fileRef = B5BB6D481A0503140060FEB7 /* MobileCoreServices.framework */; };
		B5BB6D4B1A05031B0060FEB7 /* QuartzCore.framework in Frameworks */ = {isa = PBXBuildFile; fileRef = B5BB6D4A1A05031B0060FEB7 /* QuartzCore.framework */; };
		B5BB6D4F1A05032D0060FEB7 /* Security.framework in Frameworks */ = {isa = PBXBuildFile; fileRef = B5BB6D4C1A05032D0060FEB7 /* Security.framework */; };
		B5BB6D501A05032D0060FEB7 /* StoreKit.framework in Frameworks */ = {isa = PBXBuildFile; fileRef = B5BB6D4D1A05032D0060FEB7 /* StoreKit.framework */; };
		B5BB6D511A05032D0060FEB7 /* SystemConfiguration.framework in Frameworks */ = {isa = PBXBuildFile; fileRef = B5BB6D4E1A05032D0060FEB7 /* SystemConfiguration.framework */; };
		B5BB6D531A0537610060FEB7 /* LoginViewController.swift in Sources */ = {isa = PBXBuildFile; fileRef = B5BB6D521A0537610060FEB7 /* LoginViewController.swift */; };
		B5BB6D5A1A0569BF0060FEB7 /* Main.storyboard in Resources */ = {isa = PBXBuildFile; fileRef = B5BB6D581A0569BF0060FEB7 /* Main.storyboard */; };
		B5F995B51A06B72700E019EE /* PropertiesTableViewController.swift in Sources */ = {isa = PBXBuildFile; fileRef = B5F995B41A06B72700E019EE /* PropertiesTableViewController.swift */; };
/* End PBXBuildFile section */

/* Begin PBXContainerItemProxy section */
		B54114F91A04FF3000A91BAD /* PBXContainerItemProxy */ = {
			isa = PBXContainerItemProxy;
			containerPortal = B54114DB1A04FF3000A91BAD /* Project object */;
			proxyType = 1;
			remoteGlobalIDString = B54114E21A04FF3000A91BAD;
			remoteInfo = Landlord;
		};
/* End PBXContainerItemProxy section */

/* Begin PBXFileReference section */
		B508EB7E1A0C4B27009075CC /* PTBStringExtenstion.swift */ = {isa = PBXFileReference; fileEncoding = 4; lastKnownFileType = sourcecode.swift; path = PTBStringExtenstion.swift; sourceTree = "<group>"; };
		B50B584B1A1ADBB100998EF4 /* PTBTableViewController.swift */ = {isa = PBXFileReference; fileEncoding = 4; lastKnownFileType = sourcecode.swift; path = PTBTableViewController.swift; sourceTree = "<group>"; };
		B51FA2B71A22779E006B81C0 /* PTBUIAlertControllerExtension.swift */ = {isa = PBXFileReference; fileEncoding = 4; lastKnownFileType = sourcecode.swift; path = PTBUIAlertControllerExtension.swift; sourceTree = "<group>"; };
		B522518F1A180E03006BB1CD /* PropertyDetailViewController.swift */ = {isa = PBXFileReference; fileEncoding = 4; lastKnownFileType = sourcecode.swift; path = PropertyDetailViewController.swift; sourceTree = "<group>"; };
		B54114E31A04FF3000A91BAD /* Landlord.app */ = {isa = PBXFileReference; explicitFileType = wrapper.application; includeInIndex = 0; path = Landlord.app; sourceTree = BUILT_PRODUCTS_DIR; };
		B54114E71A04FF3000A91BAD /* Info.plist */ = {isa = PBXFileReference; lastKnownFileType = text.plist.xml; path = Info.plist; sourceTree = "<group>"; };
		B54114E81A04FF3000A91BAD /* AppDelegate.swift */ = {isa = PBXFileReference; lastKnownFileType = sourcecode.swift; path = AppDelegate.swift; sourceTree = "<group>"; };
		B54114EF1A04FF3000A91BAD /* Images.xcassets */ = {isa = PBXFileReference; lastKnownFileType = folder.assetcatalog; path = Images.xcassets; sourceTree = "<group>"; };
		B54114F21A04FF3000A91BAD /* Base */ = {isa = PBXFileReference; lastKnownFileType = file.xib; name = Base; path = Base.lproj/LaunchScreen.xib; sourceTree = "<group>"; };
		B54114F81A04FF3000A91BAD /* LandlordTests.xctest */ = {isa = PBXFileReference; explicitFileType = wrapper.cfbundle; includeInIndex = 0; path = LandlordTests.xctest; sourceTree = BUILT_PRODUCTS_DIR; };
		B54114FD1A04FF3000A91BAD /* Info.plist */ = {isa = PBXFileReference; lastKnownFileType = text.plist.xml; path = Info.plist; sourceTree = "<group>"; };
		B54114FE1A04FF3000A91BAD /* LandlordTests.swift */ = {isa = PBXFileReference; lastKnownFileType = sourcecode.swift; path = LandlordTests.swift; sourceTree = "<group>"; };
		B54D54C71A2CF06C007930A6 /* PTBErrors.swift */ = {isa = PBXFileReference; fileEncoding = 4; lastKnownFileType = sourcecode.swift; path = PTBErrors.swift; sourceTree = "<group>"; };
		B579BEC31A2D246800F8B4C1 /* SignUpViewController.swift */ = {isa = PBXFileReference; fileEncoding = 4; lastKnownFileType = sourcecode.swift; path = SignUpViewController.swift; sourceTree = "<group>"; };
		B5B5650D1A23BA4D00A44BC8 /* TenantsTableViewController.swift */ = {isa = PBXFileReference; fileEncoding = 4; lastKnownFileType = sourcecode.swift; path = TenantsTableViewController.swift; sourceTree = "<group>"; };
		B5BB6D3A1A0502D50060FEB7 /* Bolts.framework */ = {isa = PBXFileReference; lastKnownFileType = wrapper.framework; path = Bolts.framework; sourceTree = "<group>"; };
		B5BB6D3B1A0502D50060FEB7 /* Parse.framework */ = {isa = PBXFileReference; lastKnownFileType = wrapper.framework; path = Parse.framework; sourceTree = "<group>"; };
		B5BB6D3E1A0502EF0060FEB7 /* AudioToolbox.framework */ = {isa = PBXFileReference; lastKnownFileType = wrapper.framework; name = AudioToolbox.framework; path = System/Library/Frameworks/AudioToolbox.framework; sourceTree = SDKROOT; };
		B5BB6D401A0502FA0060FEB7 /* CFNetwork.framework */ = {isa = PBXFileReference; lastKnownFileType = wrapper.framework; name = CFNetwork.framework; path = System/Library/Frameworks/CFNetwork.framework; sourceTree = SDKROOT; };
		B5BB6D421A0503050060FEB7 /* CoreGraphics.framework */ = {isa = PBXFileReference; lastKnownFileType = wrapper.framework; name = CoreGraphics.framework; path = System/Library/Frameworks/CoreGraphics.framework; sourceTree = SDKROOT; };
		B5BB6D431A0503050060FEB7 /* CoreLocation.framework */ = {isa = PBXFileReference; lastKnownFileType = wrapper.framework; name = CoreLocation.framework; path = System/Library/Frameworks/CoreLocation.framework; sourceTree = SDKROOT; };
		B5BB6D461A05030C0060FEB7 /* libz.dylib */ = {isa = PBXFileReference; lastKnownFileType = "compiled.mach-o.dylib"; name = libz.dylib; path = usr/lib/libz.dylib; sourceTree = SDKROOT; };
		B5BB6D481A0503140060FEB7 /* MobileCoreServices.framework */ = {isa = PBXFileReference; lastKnownFileType = wrapper.framework; name = MobileCoreServices.framework; path = System/Library/Frameworks/MobileCoreServices.framework; sourceTree = SDKROOT; };
		B5BB6D4A1A05031B0060FEB7 /* QuartzCore.framework */ = {isa = PBXFileReference; lastKnownFileType = wrapper.framework; name = QuartzCore.framework; path = System/Library/Frameworks/QuartzCore.framework; sourceTree = SDKROOT; };
		B5BB6D4C1A05032D0060FEB7 /* Security.framework */ = {isa = PBXFileReference; lastKnownFileType = wrapper.framework; name = Security.framework; path = System/Library/Frameworks/Security.framework; sourceTree = SDKROOT; };
		B5BB6D4D1A05032D0060FEB7 /* StoreKit.framework */ = {isa = PBXFileReference; lastKnownFileType = wrapper.framework; name = StoreKit.framework; path = System/Library/Frameworks/StoreKit.framework; sourceTree = SDKROOT; };
		B5BB6D4E1A05032D0060FEB7 /* SystemConfiguration.framework */ = {isa = PBXFileReference; lastKnownFileType = wrapper.framework; name = SystemConfiguration.framework; path = System/Library/Frameworks/SystemConfiguration.framework; sourceTree = SDKROOT; };
		B5BB6D521A0537610060FEB7 /* LoginViewController.swift */ = {isa = PBXFileReference; fileEncoding = 4; lastKnownFileType = sourcecode.swift; lineEnding = 0; path = LoginViewController.swift; sourceTree = "<group>"; xcLanguageSpecificationIdentifier = xcode.lang.swift; };
		B5BB6D541A05408B0060FEB7 /* Social.framework */ = {isa = PBXFileReference; lastKnownFileType = wrapper.framework; name = Social.framework; path = System/Library/Frameworks/Social.framework; sourceTree = SDKROOT; };
		B5BB6D561A0540C00060FEB7 /* Accounts.framework */ = {isa = PBXFileReference; lastKnownFileType = wrapper.framework; name = Accounts.framework; path = System/Library/Frameworks/Accounts.framework; sourceTree = SDKROOT; };
		B5BB6D591A0569BF0060FEB7 /* Base */ = {isa = PBXFileReference; lastKnownFileType = file.storyboard; name = Base; path = Base.lproj/Main.storyboard; sourceTree = "<group>"; };
		B5F995B41A06B72700E019EE /* PropertiesTableViewController.swift */ = {isa = PBXFileReference; fileEncoding = 4; lastKnownFileType = sourcecode.swift; path = PropertiesTableViewController.swift; sourceTree = "<group>"; };
/* End PBXFileReference section */

/* Begin PBXFrameworksBuildPhase section */
		B54114E01A04FF3000A91BAD /* Frameworks */ = {
			isa = PBXFrameworksBuildPhase;
			buildActionMask = 2147483647;
			files = (
				B5BB6D4F1A05032D0060FEB7 /* Security.framework in Frameworks */,
				B5BB6D501A05032D0060FEB7 /* StoreKit.framework in Frameworks */,
				B5BB6D511A05032D0060FEB7 /* SystemConfiguration.framework in Frameworks */,
				B5BB6D4B1A05031B0060FEB7 /* QuartzCore.framework in Frameworks */,
				B5BB6D491A0503140060FEB7 /* MobileCoreServices.framework in Frameworks */,
				B5BB6D471A05030C0060FEB7 /* libz.dylib in Frameworks */,
				B5BB6D441A0503050060FEB7 /* CoreGraphics.framework in Frameworks */,
				B5BB6D451A0503050060FEB7 /* CoreLocation.framework in Frameworks */,
				B5BB6D411A0502FA0060FEB7 /* CFNetwork.framework in Frameworks */,
				B5BB6D3F1A0502EF0060FEB7 /* AudioToolbox.framework in Frameworks */,
				B5BB6D3D1A0502D50060FEB7 /* Parse.framework in Frameworks */,
				B5BB6D3C1A0502D50060FEB7 /* Bolts.framework in Frameworks */,
			);
			runOnlyForDeploymentPostprocessing = 0;
		};
		B54114F51A04FF3000A91BAD /* Frameworks */ = {
			isa = PBXFrameworksBuildPhase;
			buildActionMask = 2147483647;
			files = (
			);
			runOnlyForDeploymentPostprocessing = 0;
		};
/* End PBXFrameworksBuildPhase section */

/* Begin PBXGroup section */
		B508EB801A0C4B2C009075CC /* Extensions */ = {
			isa = PBXGroup;
			children = (
				B508EB7E1A0C4B27009075CC /* PTBStringExtenstion.swift */,
				B51FA2B71A22779E006B81C0 /* PTBUIAlertControllerExtension.swift */,
			);
			name = Extensions;
			sourceTree = "<group>";
		};
		B50B58481A1AD3F300998EF4 /* PTB Framework */ = {
			isa = PBXGroup;
			children = (
				B58B7EFD1A1ADBE400B04275 /* Controllers */,
				B508EB801A0C4B2C009075CC /* Extensions */,
				B54D54C71A2CF06C007930A6 /* PTBErrors.swift */,
			);
			name = "PTB Framework";
			sourceTree = "<group>";
		};
		B54114DA1A04FF3000A91BAD = {
			isa = PBXGroup;
			children = (
				B54114E51A04FF3000A91BAD /* Landlord */,
				B5BB6D391A0502CB0060FEB7 /* Frameworks */,
				B54114FB1A04FF3000A91BAD /* LandlordTests */,
				B54114E41A04FF3000A91BAD /* Products */,
			);
			sourceTree = "<group>";
		};
		B54114E41A04FF3000A91BAD /* Products */ = {
			isa = PBXGroup;
			children = (
				B54114E31A04FF3000A91BAD /* Landlord.app */,
				B54114F81A04FF3000A91BAD /* LandlordTests.xctest */,
			);
			name = Products;
			sourceTree = "<group>";
		};
		B54114E51A04FF3000A91BAD /* Landlord */ = {
			isa = PBXGroup;
			children = (
				B50B58481A1AD3F300998EF4 /* PTB Framework */,
				B54114E81A04FF3000A91BAD /* AppDelegate.swift */,
				B5F995B41A06B72700E019EE /* PropertiesTableViewController.swift */,
				B5B5650D1A23BA4D00A44BC8 /* TenantsTableViewController.swift */,
				B5BB6D521A0537610060FEB7 /* LoginViewController.swift */,
				B579BEC31A2D246800F8B4C1 /* SignUpViewController.swift */,
				B522518F1A180E03006BB1CD /* PropertyDetailViewController.swift */,
				B54114EF1A04FF3000A91BAD /* Images.xcassets */,
				B5BB6D581A0569BF0060FEB7 /* Main.storyboard */,
				B54114F11A04FF3000A91BAD /* LaunchScreen.xib */,
				B54114E61A04FF3000A91BAD /* Supporting Files */,
			);
			path = Landlord;
			sourceTree = "<group>";
		};
		B54114E61A04FF3000A91BAD /* Supporting Files */ = {
			isa = PBXGroup;
			children = (
				B54114E71A04FF3000A91BAD /* Info.plist */,
			);
			name = "Supporting Files";
			sourceTree = "<group>";
		};
		B54114FB1A04FF3000A91BAD /* LandlordTests */ = {
			isa = PBXGroup;
			children = (
				B54114FE1A04FF3000A91BAD /* LandlordTests.swift */,
				B54114FC1A04FF3000A91BAD /* Supporting Files */,
			);
			path = LandlordTests;
			sourceTree = "<group>";
		};
		B54114FC1A04FF3000A91BAD /* Supporting Files */ = {
			isa = PBXGroup;
			children = (
				B54114FD1A04FF3000A91BAD /* Info.plist */,
			);
			name = "Supporting Files";
			sourceTree = "<group>";
		};
		B58B7EFD1A1ADBE400B04275 /* Controllers */ = {
			isa = PBXGroup;
			children = (
				B50B584B1A1ADBB100998EF4 /* PTBTableViewController.swift */,
			);
			name = Controllers;
			sourceTree = "<group>";
		};
		B5BB6D391A0502CB0060FEB7 /* Frameworks */ = {
			isa = PBXGroup;
			children = (
				B5BB6D561A0540C00060FEB7 /* Accounts.framework */,
				B5BB6D541A05408B0060FEB7 /* Social.framework */,
				B5BB6D4C1A05032D0060FEB7 /* Security.framework */,
				B5BB6D4D1A05032D0060FEB7 /* StoreKit.framework */,
				B5BB6D4E1A05032D0060FEB7 /* SystemConfiguration.framework */,
				B5BB6D4A1A05031B0060FEB7 /* QuartzCore.framework */,
				B5BB6D481A0503140060FEB7 /* MobileCoreServices.framework */,
				B5BB6D461A05030C0060FEB7 /* libz.dylib */,
				B5BB6D421A0503050060FEB7 /* CoreGraphics.framework */,
				B5BB6D431A0503050060FEB7 /* CoreLocation.framework */,
				B5BB6D401A0502FA0060FEB7 /* CFNetwork.framework */,
				B5BB6D3E1A0502EF0060FEB7 /* AudioToolbox.framework */,
				B5BB6D3A1A0502D50060FEB7 /* Bolts.framework */,
				B5BB6D3B1A0502D50060FEB7 /* Parse.framework */,
			);
			name = Frameworks;
			sourceTree = "<group>";
		};
/* End PBXGroup section */

/* Begin PBXNativeTarget section */
		B54114E21A04FF3000A91BAD /* Landlord */ = {
			isa = PBXNativeTarget;
			buildConfigurationList = B54115021A04FF3000A91BAD /* Build configuration list for PBXNativeTarget "Landlord" */;
			buildPhases = (
				B54114DF1A04FF3000A91BAD /* Sources */,
				B54114E01A04FF3000A91BAD /* Frameworks */,
				B54114E11A04FF3000A91BAD /* Resources */,
			);
			buildRules = (
			);
			dependencies = (
			);
			name = Landlord;
			productName = Landlord;
			productReference = B54114E31A04FF3000A91BAD /* Landlord.app */;
			productType = "com.apple.product-type.application";
		};
		B54114F71A04FF3000A91BAD /* LandlordTests */ = {
			isa = PBXNativeTarget;
			buildConfigurationList = B54115051A04FF3000A91BAD /* Build configuration list for PBXNativeTarget "LandlordTests" */;
			buildPhases = (
				B54114F41A04FF3000A91BAD /* Sources */,
				B54114F51A04FF3000A91BAD /* Frameworks */,
				B54114F61A04FF3000A91BAD /* Resources */,
			);
			buildRules = (
			);
			dependencies = (
				B54114FA1A04FF3000A91BAD /* PBXTargetDependency */,
			);
			name = LandlordTests;
			productName = LandlordTests;
			productReference = B54114F81A04FF3000A91BAD /* LandlordTests.xctest */;
			productType = "com.apple.product-type.bundle.unit-test";
		};
/* End PBXNativeTarget section */

/* Begin PBXProject section */
		B54114DB1A04FF3000A91BAD /* Project object */ = {
			isa = PBXProject;
			attributes = {
				LastUpgradeCheck = 0610;
				ORGANIZATIONNAME = bprzemyslaw;
				TargetAttributes = {
					B54114E21A04FF3000A91BAD = {
						CreatedOnToolsVersion = 6.1;
						DevelopmentTeam = DVY74Z4LYU;
					};
					B54114F71A04FF3000A91BAD = {
						CreatedOnToolsVersion = 6.1;
						TestTargetID = B54114E21A04FF3000A91BAD;
					};
				};
			};
			buildConfigurationList = B54114DE1A04FF3000A91BAD /* Build configuration list for PBXProject "Landlord" */;
			compatibilityVersion = "Xcode 3.2";
			developmentRegion = English;
			hasScannedForEncodings = 0;
			knownRegions = (
				en,
				Base,
			);
			mainGroup = B54114DA1A04FF3000A91BAD;
			productRefGroup = B54114E41A04FF3000A91BAD /* Products */;
			projectDirPath = "";
			projectRoot = "";
			targets = (
				B54114E21A04FF3000A91BAD /* Landlord */,
				B54114F71A04FF3000A91BAD /* LandlordTests */,
			);
		};
/* End PBXProject section */

/* Begin PBXResourcesBuildPhase section */
		B54114E11A04FF3000A91BAD /* Resources */ = {
			isa = PBXResourcesBuildPhase;
			buildActionMask = 2147483647;
			files = (
				B5BB6D5A1A0569BF0060FEB7 /* Main.storyboard in Resources */,
				B54114F31A04FF3000A91BAD /* LaunchScreen.xib in Resources */,
				B54114F01A04FF3000A91BAD /* Images.xcassets in Resources */,
			);
			runOnlyForDeploymentPostprocessing = 0;
		};
		B54114F61A04FF3000A91BAD /* Resources */ = {
			isa = PBXResourcesBuildPhase;
			buildActionMask = 2147483647;
			files = (
			);
			runOnlyForDeploymentPostprocessing = 0;
		};
/* End PBXResourcesBuildPhase section */

/* Begin PBXSourcesBuildPhase section */
		B54114DF1A04FF3000A91BAD /* Sources */ = {
			isa = PBXSourcesBuildPhase;
			buildActionMask = 2147483647;
			files = (
				B5BB6D531A0537610060FEB7 /* LoginViewController.swift in Sources */,
				B5F995B51A06B72700E019EE /* PropertiesTableViewController.swift in Sources */,
				B50B584C1A1ADBB100998EF4 /* PTBTableViewController.swift in Sources */,
				B54114E91A04FF3000A91BAD /* AppDelegate.swift in Sources */,
				B579BEC41A2D246800F8B4C1 /* SignUpViewController.swift in Sources */,
				B508EB7F1A0C4B27009075CC /* PTBStringExtenstion.swift in Sources */,
				B52251901A180E03006BB1CD /* PropertyDetailViewController.swift in Sources */,
				B54D54C81A2CF06C007930A6 /* PTBErrors.swift in Sources */,
				B5B5650E1A23BA4D00A44BC8 /* TenantsTableViewController.swift in Sources */,
				B51FA2B81A22779E006B81C0 /* PTBUIAlertControllerExtension.swift in Sources */,
			);
			runOnlyForDeploymentPostprocessing = 0;
		};
		B54114F41A04FF3000A91BAD /* Sources */ = {
			isa = PBXSourcesBuildPhase;
			buildActionMask = 2147483647;
			files = (
				B54114FF1A04FF3000A91BAD /* LandlordTests.swift in Sources */,
			);
			runOnlyForDeploymentPostprocessing = 0;
		};
/* End PBXSourcesBuildPhase section */

/* Begin PBXTargetDependency section */
		B54114FA1A04FF3000A91BAD /* PBXTargetDependency */ = {
			isa = PBXTargetDependency;
			target = B54114E21A04FF3000A91BAD /* Landlord */;
			targetProxy = B54114F91A04FF3000A91BAD /* PBXContainerItemProxy */;
		};
/* End PBXTargetDependency section */

/* Begin PBXVariantGroup section */
		B54114F11A04FF3000A91BAD /* LaunchScreen.xib */ = {
			isa = PBXVariantGroup;
			children = (
				B54114F21A04FF3000A91BAD /* Base */,
			);
			name = LaunchScreen.xib;
			sourceTree = "<group>";
		};
		B5BB6D581A0569BF0060FEB7 /* Main.storyboard */ = {
			isa = PBXVariantGroup;
			children = (
				B5BB6D591A0569BF0060FEB7 /* Base */,
			);
			name = Main.storyboard;
			sourceTree = "<group>";
		};
/* End PBXVariantGroup section */

/* Begin XCBuildConfiguration section */
		B54115001A04FF3000A91BAD /* Debug */ = {
			isa = XCBuildConfiguration;
			buildSettings = {
				ALWAYS_SEARCH_USER_PATHS = NO;
				CLANG_CXX_LANGUAGE_STANDARD = "gnu++0x";
				CLANG_CXX_LIBRARY = "libc++";
				CLANG_ENABLE_MODULES = YES;
				CLANG_ENABLE_OBJC_ARC = YES;
				CLANG_WARN_BOOL_CONVERSION = YES;
				CLANG_WARN_CONSTANT_CONVERSION = YES;
				CLANG_WARN_DIRECT_OBJC_ISA_USAGE = YES_ERROR;
				CLANG_WARN_EMPTY_BODY = YES;
				CLANG_WARN_ENUM_CONVERSION = YES;
				CLANG_WARN_INT_CONVERSION = YES;
				CLANG_WARN_OBJC_ROOT_CLASS = YES_ERROR;
				CLANG_WARN_UNREACHABLE_CODE = YES;
				CLANG_WARN__DUPLICATE_METHOD_MATCH = YES;
				"CODE_SIGN_IDENTITY[sdk=iphoneos*]" = "iPhone Developer";
				COPY_PHASE_STRIP = NO;
				ENABLE_STRICT_OBJC_MSGSEND = YES;
				GCC_C_LANGUAGE_STANDARD = gnu99;
				GCC_DYNAMIC_NO_PIC = NO;
				GCC_OPTIMIZATION_LEVEL = 0;
				GCC_PREPROCESSOR_DEFINITIONS = (
					"DEBUG=1",
					"$(inherited)",
				);
				GCC_SYMBOLS_PRIVATE_EXTERN = NO;
				GCC_WARN_64_TO_32_BIT_CONVERSION = YES;
				GCC_WARN_ABOUT_RETURN_TYPE = YES_ERROR;
				GCC_WARN_UNDECLARED_SELECTOR = YES;
				GCC_WARN_UNINITIALIZED_AUTOS = YES_AGGRESSIVE;
				GCC_WARN_UNUSED_FUNCTION = YES;
				GCC_WARN_UNUSED_VARIABLE = YES;
				IPHONEOS_DEPLOYMENT_TARGET = 8.1;
				MTL_ENABLE_DEBUG_INFO = YES;
				ONLY_ACTIVE_ARCH = YES;
				SDKROOT = iphoneos;
				SWIFT_OPTIMIZATION_LEVEL = "-Onone";
				TARGETED_DEVICE_FAMILY = "1,2";
			};
			name = Debug;
		};
		B54115011A04FF3000A91BAD /* Release */ = {
			isa = XCBuildConfiguration;
			buildSettings = {
				ALWAYS_SEARCH_USER_PATHS = NO;
				CLANG_CXX_LANGUAGE_STANDARD = "gnu++0x";
				CLANG_CXX_LIBRARY = "libc++";
				CLANG_ENABLE_MODULES = YES;
				CLANG_ENABLE_OBJC_ARC = YES;
				CLANG_WARN_BOOL_CONVERSION = YES;
				CLANG_WARN_CONSTANT_CONVERSION = YES;
				CLANG_WARN_DIRECT_OBJC_ISA_USAGE = YES_ERROR;
				CLANG_WARN_EMPTY_BODY = YES;
				CLANG_WARN_ENUM_CONVERSION = YES;
				CLANG_WARN_INT_CONVERSION = YES;
				CLANG_WARN_OBJC_ROOT_CLASS = YES_ERROR;
				CLANG_WARN_UNREACHABLE_CODE = YES;
				CLANG_WARN__DUPLICATE_METHOD_MATCH = YES;
				"CODE_SIGN_IDENTITY[sdk=iphoneos*]" = "iPhone Developer";
				COPY_PHASE_STRIP = YES;
				ENABLE_NS_ASSERTIONS = NO;
				ENABLE_STRICT_OBJC_MSGSEND = YES;
				GCC_C_LANGUAGE_STANDARD = gnu99;
				GCC_WARN_64_TO_32_BIT_CONVERSION = YES;
				GCC_WARN_ABOUT_RETURN_TYPE = YES_ERROR;
				GCC_WARN_UNDECLARED_SELECTOR = YES;
				GCC_WARN_UNINITIALIZED_AUTOS = YES_AGGRESSIVE;
				GCC_WARN_UNUSED_FUNCTION = YES;
				GCC_WARN_UNUSED_VARIABLE = YES;
				IPHONEOS_DEPLOYMENT_TARGET = 8.1;
				MTL_ENABLE_DEBUG_INFO = NO;
				SDKROOT = iphoneos;
				TARGETED_DEVICE_FAMILY = "1,2";
				VALIDATE_PRODUCT = YES;
			};
			name = Release;
		};
		B54115031A04FF3000A91BAD /* Debug */ = {
			isa = XCBuildConfiguration;
			buildSettings = {
				ASSETCATALOG_COMPILER_APPICON_NAME = AppIcon;
				CODE_SIGN_IDENTITY = "iPhone Developer";
				"CODE_SIGN_IDENTITY[sdk=iphoneos*]" = "iPhone Developer";
				FRAMEWORK_SEARCH_PATHS = (
					"$(inherited)",
					"$(PROJECT_DIR)",
				);
				INFOPLIST_FILE = Landlord/Info.plist;
				LD_RUNPATH_SEARCH_PATHS = "$(inherited) @executable_path/Frameworks";
				PRODUCT_NAME = "$(TARGET_NAME)";
				PROVISIONING_PROFILE = "";
				TARGETED_DEVICE_FAMILY = 2;
			};
			name = Debug;
		};
		B54115041A04FF3000A91BAD /* Release */ = {
			isa = XCBuildConfiguration;
			buildSettings = {
				ASSETCATALOG_COMPILER_APPICON_NAME = AppIcon;
				CODE_SIGN_IDENTITY = "iPhone Developer";
				"CODE_SIGN_IDENTITY[sdk=iphoneos*]" = "iPhone Developer";
				FRAMEWORK_SEARCH_PATHS = (
					"$(inherited)",
					"$(PROJECT_DIR)",
				);
				INFOPLIST_FILE = Landlord/Info.plist;
				LD_RUNPATH_SEARCH_PATHS = "$(inherited) @executable_path/Frameworks";
				PRODUCT_NAME = "$(TARGET_NAME)";
				PROVISIONING_PROFILE = "";
				TARGETED_DEVICE_FAMILY = 2;
			};
			name = Release;
		};
		B54115061A04FF3000A91BAD /* Debug */ = {
			isa = XCBuildConfiguration;
			buildSettings = {
				BUNDLE_LOADER = "$(TEST_HOST)";
				FRAMEWORK_SEARCH_PATHS = (
					"$(SDKROOT)/Developer/Library/Frameworks",
					"$(inherited)",
				);
				GCC_PREPROCESSOR_DEFINITIONS = (
					"DEBUG=1",
					"$(inherited)",
				);
				INFOPLIST_FILE = LandlordTests/Info.plist;
				LD_RUNPATH_SEARCH_PATHS = "$(inherited) @executable_path/Frameworks @loader_path/Frameworks";
				PRODUCT_NAME = "$(TARGET_NAME)";
				TEST_HOST = "$(BUILT_PRODUCTS_DIR)/Landlord.app/Landlord";
			};
			name = Debug;
		};
		B54115071A04FF3000A91BAD /* Release */ = {
			isa = XCBuildConfiguration;
			buildSettings = {
				BUNDLE_LOADER = "$(TEST_HOST)";
				FRAMEWORK_SEARCH_PATHS = (
					"$(SDKROOT)/Developer/Library/Frameworks",
					"$(inherited)",
				);
				INFOPLIST_FILE = LandlordTests/Info.plist;
				LD_RUNPATH_SEARCH_PATHS = "$(inherited) @executable_path/Frameworks @loader_path/Frameworks";
				PRODUCT_NAME = "$(TARGET_NAME)";
				TEST_HOST = "$(BUILT_PRODUCTS_DIR)/Landlord.app/Landlord";
			};
			name = Release;
		};
/* End XCBuildConfiguration section */

/* Begin XCConfigurationList section */
		B54114DE1A04FF3000A91BAD /* Build configuration list for PBXProject "Landlord" */ = {
			isa = XCConfigurationList;
			buildConfigurations = (
				B54115001A04FF3000A91BAD /* Debug */,
				B54115011A04FF3000A91BAD /* Release */,
			);
			defaultConfigurationIsVisible = 0;
			defaultConfigurationName = Release;
		};
		B54115021A04FF3000A91BAD /* Build configuration list for PBXNativeTarget "Landlord" */ = {
			isa = XCConfigurationList;
			buildConfigurations = (
				B54115031A04FF3000A91BAD /* Debug */,
				B54115041A04FF3000A91BAD /* Release */,
			);
			defaultConfigurationIsVisible = 0;
			defaultConfigurationName = Release;
		};
		B54115051A04FF3000A91BAD /* Build configuration list for PBXNativeTarget "LandlordTests" */ = {
			isa = XCConfigurationList;
			buildConfigurations = (
				B54115061A04FF3000A91BAD /* Debug */,
				B54115071A04FF3000A91BAD /* Release */,
			);
			defaultConfigurationIsVisible = 0;
			defaultConfigurationName = Release;
		};
/* End XCConfigurationList section */
	};
	rootObject = B54114DB1A04FF3000A91BAD /* Project object */;
}
